
Microsoft Visual Studio Solution File, Format Version 12.00
# Visual Studio 15
VisualStudioVersion = 15.0.26228.4
MinimumVisualStudioVersion = 10.0.40219.1
Project("{2150E333-8FDC-42A3-9474-1A3956D46DE8}") = "APIService", "APIService", "{E518EF62-54CD-4F9B-97DD-9E728BB6F2B6}"
EndProject
Project("{2150E333-8FDC-42A3-9474-1A3956D46DE8}") = "UI", "UI", "{36032271-6B4B-4462-BB49-978C057CF9E0}"
EndProject
Project("{FAE04EC0-301F-11D3-BF4B-00C04F79EFBC}") = "FSE.ProjectManagementPortal.Api", "APIService\FSE.ProjectManagementPortal.Api\FSE.ProjectManagementPortal.Api.csproj", "{A21DE852-BCC6-40E4-912B-07075402ABE3}"
EndProject
Project("{FAE04EC0-301F-11D3-BF4B-00C04F79EFBC}") = "FSE.ProjectManagementPortal.Api.Tests", "APIService\FSE.ProjectManagementPortal.Api.Tests\FSE.ProjectManagementPortal.Api.Tests.csproj", "{39AF836A-10BD-4B2D-9362-2BD7EE29EEF8}"
EndProject
Project("{FAE04EC0-301F-11D3-BF4B-00C04F79EFBC}") = "FSE.ProjectManagementPortal.Business", "APIService\FSE.ProjectManagementPortal.Business\FSE.ProjectManagementPortal.Business.csproj", "{D37501FF-CBCD-4215-9005-B214527979EC}"
EndProject
Project("{FAE04EC0-301F-11D3-BF4B-00C04F79EFBC}") = "FSE.ProjectManagementPortal.DataAccess", "APIService\FSE.ProjectManagementPortal.DataAccess\FSE.ProjectManagementPortal.DataAccess.csproj", "{868CBE10-B657-4E2F-B64D-5C02A0C3DFA8}"
EndProject
Project("{FAE04EC0-301F-11D3-BF4B-00C04F79EFBC}") = "FSE.ProjectManagementPortal.DataContract", "APIService\FSE.ProjectManagementPortal.DataContract\FSE.ProjectManagementPortal.DataContract.csproj", "{E6A6ED3B-21D2-46B6-BA4B-EDB799C03FDC}"
EndProject
Project("{FAE04EC0-301F-11D3-BF4B-00C04F79EFBC}") = "FSE.ProjectManagementPortal.NBench", "APIService\FSE.ProjectManagementPortal.NBench\FSE.ProjectManagementPortal.NBench.csproj", "{B909CF08-A063-4B33-AC3D-CE2D5F27E5E1}"
EndProject
Global
	GlobalSection(SolutionConfigurationPlatforms) = preSolution
		Debug|Any CPU = Debug|Any CPU
		Release|Any CPU = Release|Any CPU
	EndGlobalSection
	GlobalSection(ProjectConfigurationPlatforms) = postSolution
		{A21DE852-BCC6-40E4-912B-07075402ABE3}.Debug|Any CPU.ActiveCfg = Debug|Any CPU
		{A21DE852-BCC6-40E4-912B-07075402ABE3}.Debug|Any CPU.Build.0 = Debug|Any CPU
		{A21DE852-BCC6-40E4-912B-07075402ABE3}.Release|Any CPU.ActiveCfg = Release|Any CPU
		{A21DE852-BCC6-40E4-912B-07075402ABE3}.Release|Any CPU.Build.0 = Release|Any CPU
		{39AF836A-10BD-4B2D-9362-2BD7EE29EEF8}.Debug|Any CPU.ActiveCfg = Debug|Any CPU
		{39AF836A-10BD-4B2D-9362-2BD7EE29EEF8}.Debug|Any CPU.Build.0 = Debug|Any CPU
		{39AF836A-10BD-4B2D-9362-2BD7EE29EEF8}.Release|Any CPU.ActiveCfg = Release|Any CPU
		{39AF836A-10BD-4B2D-9362-2BD7EE29EEF8}.Release|Any CPU.Build.0 = Release|Any CPU
		{D37501FF-CBCD-4215-9005-B214527979EC}.Debug|Any CPU.ActiveCfg = Debug|Any CPU
		{D37501FF-CBCD-4215-9005-B214527979EC}.Debug|Any CPU.Build.0 = Debug|Any CPU
		{D37501FF-CBCD-4215-9005-B214527979EC}.Release|Any CPU.ActiveCfg = Release|Any CPU
		{D37501FF-CBCD-4215-9005-B214527979EC}.Release|Any CPU.Build.0 = Release|Any CPU
		{868CBE10-B657-4E2F-B64D-5C02A0C3DFA8}.Debug|Any CPU.ActiveCfg = Debug|Any CPU
		{868CBE10-B657-4E2F-B64D-5C02A0C3DFA8}.Debug|Any CPU.Build.0 = Debug|Any CPU
		{868CBE10-B657-4E2F-B64D-5C02A0C3DFA8}.Release|Any CPU.ActiveCfg = Release|Any CPU
		{868CBE10-B657-4E2F-B64D-5C02A0C3DFA8}.Release|Any CPU.Build.0 = Release|Any CPU
		{E6A6ED3B-21D2-46B6-BA4B-EDB799C03FDC}.Debug|Any CPU.ActiveCfg = Debug|Any CPU
		{E6A6ED3B-21D2-46B6-BA4B-EDB799C03FDC}.Debug|Any CPU.Build.0 = Debug|Any CPU
		{E6A6ED3B-21D2-46B6-BA4B-EDB799C03FDC}.Release|Any CPU.ActiveCfg = Release|Any CPU
		{E6A6ED3B-21D2-46B6-BA4B-EDB799C03FDC}.Release|Any CPU.Build.0 = Release|Any CPU
		{B909CF08-A063-4B33-AC3D-CE2D5F27E5E1}.Debug|Any CPU.ActiveCfg = Debug|Any CPU
		{B909CF08-A063-4B33-AC3D-CE2D5F27E5E1}.Debug|Any CPU.Build.0 = Debug|Any CPU
		{B909CF08-A063-4B33-AC3D-CE2D5F27E5E1}.Release|Any CPU.ActiveCfg = Release|Any CPU
		{B909CF08-A063-4B33-AC3D-CE2D5F27E5E1}.Release|Any CPU.Build.0 = Release|Any CPU
	EndGlobalSection
	GlobalSection(SolutionProperties) = preSolution
		HideSolutionNode = FALSE
	EndGlobalSection
	GlobalSection(NestedProjects) = preSolution
		{A21DE852-BCC6-40E4-912B-07075402ABE3} = {E518EF62-54CD-4F9B-97DD-9E728BB6F2B6}
		{39AF836A-10BD-4B2D-9362-2BD7EE29EEF8} = {E518EF62-54CD-4F9B-97DD-9E728BB6F2B6}
		{D37501FF-CBCD-4215-9005-B214527979EC} = {E518EF62-54CD-4F9B-97DD-9E728BB6F2B6}
		{868CBE10-B657-4E2F-B64D-5C02A0C3DFA8} = {E518EF62-54CD-4F9B-97DD-9E728BB6F2B6}
		{E6A6ED3B-21D2-46B6-BA4B-EDB799C03FDC} = {E518EF62-54CD-4F9B-97DD-9E728BB6F2B6}
		{B909CF08-A063-4B33-AC3D-CE2D5F27E5E1} = {E518EF62-54CD-4F9B-97DD-9E728BB6F2B6}
	EndGlobalSection
EndGlobal
